
Microsoft Visual Studio Solution File, Format Version 12.00
# Visual Studio 15
VisualStudioVersion = 15.0.26430.16
MinimumVisualStudioVersion = 10.0.40219.1
Project("{8BC9CEB8-8B4A-11D0-8D11-00A0C91BC942}") = "any", "any\any.vcxproj", "{C4A00478-1E48-4721-A817-583DE2E93636}"
EndProject
Project("{8BC9CEB8-8B4A-11D0-8D11-00A0C91BC942}") = "structured_binding_declaration", "structured_binding_declaration\structured_binding_declaration.vcxproj", "{F453E9AC-086C-42C9-8F99-6A5560EC1751}"
EndProject
Project("{2150E333-8FDC-42A3-9474-1A3956D46DE8}") = "Solution Items", "Solution Items", "{3AD3B72F-5C7B-4690-AC66-46D4A9C2E19C}"
	ProjectSection(SolutionItems) = preProject
		README.md = README.md
	EndProjectSection
EndProject
Global
	GlobalSection(SolutionConfigurationPlatforms) = preSolution
		Debug|x64 = Debug|x64
		Debug|x86 = Debug|x86
		Release|x64 = Release|x64
		Release|x86 = Release|x86
	EndGlobalSection
	GlobalSection(ProjectConfigurationPlatforms) = postSolution
		{C4A00478-1E48-4721-A817-583DE2E93636}.Debug|x64.ActiveCfg = Debug|x64
		{C4A00478-1E48-4721-A817-583DE2E93636}.Debug|x64.Build.0 = Debug|x64
		{C4A00478-1E48-4721-A817-583DE2E93636}.Debug|x86.ActiveCfg = Debug|Win32
		{C4A00478-1E48-4721-A817-583DE2E93636}.Debug|x86.Build.0 = Debug|Win32
		{C4A00478-1E48-4721-A817-583DE2E93636}.Release|x64.ActiveCfg = Release|x64
		{C4A00478-1E48-4721-A817-583DE2E93636}.Release|x64.Build.0 = Release|x64
		{C4A00478-1E48-4721-A817-583DE2E93636}.Release|x86.ActiveCfg = Release|Win32
		{C4A00478-1E48-4721-A817-583DE2E93636}.Release|x86.Build.0 = Release|Win32
		{F453E9AC-086C-42C9-8F99-6A5560EC1751}.Debug|x64.ActiveCfg = Debug|x64
		{F453E9AC-086C-42C9-8F99-6A5560EC1751}.Debug|x64.Build.0 = Debug|x64
		{F453E9AC-086C-42C9-8F99-6A5560EC1751}.Debug|x86.ActiveCfg = Debug|Win32
		{F453E9AC-086C-42C9-8F99-6A5560EC1751}.Debug|x86.Build.0 = Debug|Win32
		{F453E9AC-086C-42C9-8F99-6A5560EC1751}.Release|x64.ActiveCfg = Release|x64
		{F453E9AC-086C-42C9-8F99-6A5560EC1751}.Release|x64.Build.0 = Release|x64
		{F453E9AC-086C-42C9-8F99-6A5560EC1751}.Release|x86.ActiveCfg = Release|Win32
		{F453E9AC-086C-42C9-8F99-6A5560EC1751}.Release|x86.Build.0 = Release|Win32
	EndGlobalSection
	GlobalSection(SolutionProperties) = preSolution
		HideSolutionNode = FALSE
	EndGlobalSection
EndGlobal
